<?xml version="1.0" encoding="utf-8"?>
<Project ToolsVersion="4.0" xmlns="http://schemas.microsoft.com/developer/msbuild/2003">
  <ItemGroup>
    <Filter Include="Source Files">
      <UniqueIdentifier>{4FC737F1-C7A5-4376-A066-2A32D752A2FF}</UniqueIdentifier>
      <Extensions>cpp;c;cc;cxx;def;odl;idl;hpj;bat;asm;asmx</Extensions>
    </Filter>
    <Filter Include="Header Files">
      <UniqueIdentifier>{93995380-89BD-4b04-88EB-625FBE52EBFB}</UniqueIdentifier>
      <Extensions>h;hh;hpp;hxx;hm;inl;inc;xsd</Extensions>
    </Filter>
    <Filter Include="Resource Files">
      <UniqueIdentifier>{67DA6AB6-F800-4c08-8B7A-83BB121AAD01}</UniqueIdentifier>
      <Extensions>rc;ico;cur;bmp;dlg;rc2;rct;bin;rgs;gif;jpg;jpeg;jpe;resx;tiff;tif;png;wav;mfcribbon-ms</Extensions>
    </Filter>
  </ItemGroup>
  <ItemGroup>
    <Text Include="ReadMe.txt" />
  </ItemGroup>
  <ItemGroup>
    <ClInclude Include="CADSimulation.h">
      <Filter>Header Files</Filter>
    </ClInclude>
    <ClInclude Include="stdafx.h">
      <Filter>Header Files</Filter>
    </ClInclude>
    <ClInclude Include="targetver.h">
      <Filter>Header Files</Filter>
    </ClInclude>
    <ClInclude Include="MainFrm.h">
      <Filter>Header Files</Filter>
    </ClInclude>
    <ClInclude Include="CADSimulationDoc.h">
      <Filter>Header Files</Filter>
    </ClInclude>
    <ClInclude Include="CADSimulationView.h">
      <Filter>Header Files</Filter>
    </ClInclude>
    <ClInclude Include="Resource.h">
      <Filter>Header Files</Filter>
    </ClInclude>
    <ClInclude Include="DrawContext.h">
      <Filter>Header Files</Filter>
    </ClInclude>
    <ClInclude Include="CADShape.h">
      <Filter>Header Files</Filter>
    </ClInclude>
    <ClInclude Include="CADShapeLine.h">
      <Filter>Header Files</Filter>
    </ClInclude>
    <ClInclude Include="GYSingleInstanceDedicatedClass.h">
      <Filter>Header Files</Filter>
    </ClInclude>
    <ClInclude Include="GYSingleInstanceMacro.h">
      <Filter>Header Files</Filter>
    </ClInclude>
    <ClInclude Include="CADStorage.h">
      <Filter>Header Files</Filter>
    </ClInclude>
    <ClInclude Include="CadDrawToolBox.h">
      <Filter>Header Files</Filter>
    </ClInclude>
    <ClInclude Include="CADShapeRect.h">
      <Filter>Header Files</Filter>
    </ClInclude>
    <ClInclude Include="CADToolBoxView.h">
      <Filter>Header Files</Filter>
    </ClInclude>
    <ClInclude Include="CADShapeEllipse.h">
      <Filter>Header Files</Filter>
    </ClInclude>
    <ClInclude Include="CADLineStyleDialog.h">
      <Filter>Header Files</Filter>
    </ClInclude>
    <ClInclude Include="CADBrushStyleDialog.h">
      <Filter>Header Files</Filter>
    </ClInclude>
    <ClInclude Include="CADShapePolygon.h">
      <Filter>Header Files</Filter>
    </ClInclude>
    <ClInclude Include="CADCutomizeShape.h">
      <Filter>Header Files</Filter>
    </ClInclude>
    <ClInclude Include="CADShapeSelection.h">
      <Filter>Header Files</Filter>
    </ClInclude>
    <ClInclude Include="CADShapeDrag.h">
      <Filter>Header Files</Filter>
    </ClInclude>
    <ClInclude Include="CADShapePencil.h">
      <Filter>Header Files</Filter>
    </ClInclude>
  </ItemGroup>
  <ItemGroup>
    <ClCompile Include="CADSimulation.cpp">
      <Filter>Source Files</Filter>
    </ClCompile>
    <ClCompile Include="stdafx.cpp">
      <Filter>Source Files</Filter>
    </ClCompile>
    <ClCompile Include="MainFrm.cpp">
      <Filter>Source Files</Filter>
    </ClCompile>
    <ClCompile Include="CADSimulationDoc.cpp">
      <Filter>Source Files</Filter>
    </ClCompile>
    <ClCompile Include="CADSimulationView.cpp">
      <Filter>Source Files</Filter>
    </ClCompile>
    <ClCompile Include="DrawContext.cpp">
      <Filter>Source Files</Filter>
    </ClCompile>
    <ClCompile Include="CADShape.cpp">
      <Filter>Source Files</Filter>
    </ClCompile>
    <ClCompile Include="CADShapeLine.cpp">
      <Filter>Source Files</Filter>
    </ClCompile>
    <ClCompile Include="GYSingleInstanceDedicatedClass.cpp">
      <Filter>Source Files</Filter>
    </ClCompile>
    <ClCompile Include="CADStorage.cpp">
      <Filter>Source Files</Filter>
    </ClCompile>
    <ClCompile Include="CadDrawToolBox.cpp">
      <Filter>Source Files</Filter>
    </ClCompile>
    <ClCompile Include="CADShapeRect.cpp">
      <Filter>Source Files</Filter>
    </ClCompile>
    <ClCompile Include="CADToolBoxView.cpp">
      <Filter>Source Files</Filter>
    </ClCompile>
    <ClCompile Include="CADShapeEllipse.cpp">
      <Filter>Source Files</Filter>
    </ClCompile>
    <ClCompile Include="CADLineStyleDialog.cpp">
      <Filter>Source Files</Filter>
    </ClCompile>
    <ClCompile Include="CADBrushStyleDialog.cpp">
      <Filter>Source Files</Filter>
    </ClCompile>
    <ClCompile Include="CADShapePolygon.cpp">
      <Filter>Source Files</Filter>
    </ClCompile>
    <ClCompile Include="CADCutomizeShape.cpp">
      <Filter>Source Files</Filter>
    </ClCompile>
    <ClCompile Include="CADShapeSelection.cpp">
      <Filter>Source Files</Filter>
    </ClCompile>
    <ClCompile Include="CADShapeDrag.cpp">
      <Filter>Source Files</Filter>
    </ClCompile>
    <ClCompile Include="CADShapePencil.cpp">
      <Filter>Source Files</Filter>
    </ClCompile>
  </ItemGroup>
  <ItemGroup>
    <ResourceCompile Include="CADSimulation.rc">
      <Filter>Resource Files</Filter>
    </ResourceCompile>
  </ItemGroup>
  <ItemGroup>
    <None Include="res\CADSimulation.rc2">
      <Filter>Resource Files</Filter>
    </None>
  </ItemGroup>
  <ItemGroup>
    <Image Include="res\CADSimulationDoc.ico">
      <Filter>Resource Files</Filter>
    </Image>
    <Image Include="res\CADSimulation.ico">
      <Filter>Resource Files</Filter>
    </Image>
    <Image Include="res\Toolbar.bmp">
      <Filter>Resource Files</Filter>
    </Image>
  </ItemGroup>
</Project>